
Microsoft Visual Studio Solution File, Format Version 12.00
# Visual Studio 15
VisualStudioVersion = 15.0.28307.1145
MinimumVisualStudioVersion = 10.0.40219.1
Project("{F14B399A-7131-4C87-9E4B-1186C45EF12D}") = "Report Project1", "Report Project1\Report Project1.rptproj", "{D53C1768-3839-495E-A3D1-E10CD00E7373}"
EndProject
Global
	GlobalSection(SolutionConfigurationPlatforms) = preSolution
		Debug|Default = Debug|Default
		DebugLocal|Default = DebugLocal|Default
		Release|Default = Release|Default
	EndGlobalSection
	GlobalSection(ProjectConfigurationPlatforms) = postSolution
		{D53C1768-3839-495E-A3D1-E10CD00E7373}.Debug|Default.ActiveCfg = Debug
		{D53C1768-3839-495E-A3D1-E10CD00E7373}.Debug|Default.Build.0 = Debug
		{D53C1768-3839-495E-A3D1-E10CD00E7373}.Debug|Default.Deploy.0 = Debug
		{D53C1768-3839-495E-A3D1-E10CD00E7373}.DebugLocal|Default.ActiveCfg = DebugLocal
		{D53C1768-3839-495E-A3D1-E10CD00E7373}.DebugLocal|Default.Build.0 = DebugLocal
		{D53C1768-3839-495E-A3D1-E10CD00E7373}.Release|Default.ActiveCfg = Release
		{D53C1768-3839-495E-A3D1-E10CD00E7373}.Release|Default.Build.0 = Release
		{D53C1768-3839-495E-A3D1-E10CD00E7373}.Release|Default.Deploy.0 = Release
	EndGlobalSection
	GlobalSection(SolutionProperties) = preSolution
		HideSolutionNode = FALSE
	EndGlobalSection
	GlobalSection(ExtensibilityGlobals) = postSolution
		SolutionGuid = {E3F1B786-8D5F-4E20-915A-B383EAF0F243}
	EndGlobalSection
EndGlobal
